
Microsoft Visual Studio Solution File, Format Version 12.00
# Visual Studio Version 17
VisualStudioVersion = 17.11.35312.102
MinimumVisualStudioVersion = 10.0.40219.1
Project("{FAE04EC0-301F-11D3-BF4B-00C04F79EFBC}") = "Exercici_9", "Exercici_9\Exercici_9.csproj", "{70AAFAAB-FD2F-48C7-8AEF-268485D26E03}"
EndProject
Global
	GlobalSection(SolutionConfigurationPlatforms) = preSolution
		Debug|Any CPU = Debug|Any CPU
		Release|Any CPU = Release|Any CPU
	EndGlobalSection
	GlobalSection(ProjectConfigurationPlatforms) = postSolution
		{70AAFAAB-FD2F-48C7-8AEF-268485D26E03}.Debug|Any CPU.ActiveCfg = Debug|Any CPU
		{70AAFAAB-FD2F-48C7-8AEF-268485D26E03}.Debug|Any CPU.Build.0 = Debug|Any CPU
		{70AAFAAB-FD2F-48C7-8AEF-268485D26E03}.Release|Any CPU.ActiveCfg = Release|Any CPU
		{70AAFAAB-FD2F-48C7-8AEF-268485D26E03}.Release|Any CPU.Build.0 = Release|Any CPU
	EndGlobalSection
	GlobalSection(SolutionProperties) = preSolution
		HideSolutionNode = FALSE
	EndGlobalSection
	GlobalSection(ExtensibilityGlobals) = postSolution
		SolutionGuid = {77A3F9D5-9267-4F7B-8DAD-288EC24CACD5}
	EndGlobalSection
EndGlobal
