
Microsoft Visual Studio Solution File, Format Version 12.00
# Visual Studio Version 17
VisualStudioVersion = 17.11.35312.102
MinimumVisualStudioVersion = 10.0.40219.1
Project("{FAE04EC0-301F-11D3-BF4B-00C04F79EFBC}") = "Exercici_12", "Exercici_12\Exercici_12.csproj", "{9D5CAD6E-60F2-4C50-B119-54F156A38E17}"
EndProject
Global
	GlobalSection(SolutionConfigurationPlatforms) = preSolution
		Debug|Any CPU = Debug|Any CPU
		Release|Any CPU = Release|Any CPU
	EndGlobalSection
	GlobalSection(ProjectConfigurationPlatforms) = postSolution
		{9D5CAD6E-60F2-4C50-B119-54F156A38E17}.Debug|Any CPU.ActiveCfg = Debug|Any CPU
		{9D5CAD6E-60F2-4C50-B119-54F156A38E17}.Debug|Any CPU.Build.0 = Debug|Any CPU
		{9D5CAD6E-60F2-4C50-B119-54F156A38E17}.Release|Any CPU.ActiveCfg = Release|Any CPU
		{9D5CAD6E-60F2-4C50-B119-54F156A38E17}.Release|Any CPU.Build.0 = Release|Any CPU
	EndGlobalSection
	GlobalSection(SolutionProperties) = preSolution
		HideSolutionNode = FALSE
	EndGlobalSection
	GlobalSection(ExtensibilityGlobals) = postSolution
		SolutionGuid = {D2B74B85-3E23-4F46-A7E1-1D453ED51738}
	EndGlobalSection
EndGlobal
