
Microsoft Visual Studio Solution File, Format Version 12.00
# Visual Studio Version 17
VisualStudioVersion = 17.11.35312.102
MinimumVisualStudioVersion = 10.0.40219.1
Project("{FAE04EC0-301F-11D3-BF4B-00C04F79EFBC}") = "Exercici_3", "Exercici_3\Exercici_3.csproj", "{CD141A0F-C090-490D-AE7B-5802A55EC582}"
EndProject
Global
	GlobalSection(SolutionConfigurationPlatforms) = preSolution
		Debug|Any CPU = Debug|Any CPU
		Release|Any CPU = Release|Any CPU
	EndGlobalSection
	GlobalSection(ProjectConfigurationPlatforms) = postSolution
		{CD141A0F-C090-490D-AE7B-5802A55EC582}.Debug|Any CPU.ActiveCfg = Debug|Any CPU
		{CD141A0F-C090-490D-AE7B-5802A55EC582}.Debug|Any CPU.Build.0 = Debug|Any CPU
		{CD141A0F-C090-490D-AE7B-5802A55EC582}.Release|Any CPU.ActiveCfg = Release|Any CPU
		{CD141A0F-C090-490D-AE7B-5802A55EC582}.Release|Any CPU.Build.0 = Release|Any CPU
	EndGlobalSection
	GlobalSection(SolutionProperties) = preSolution
		HideSolutionNode = FALSE
	EndGlobalSection
	GlobalSection(ExtensibilityGlobals) = postSolution
		SolutionGuid = {8C8FF15A-12E5-449F-A329-F99FCDD5BA2A}
	EndGlobalSection
EndGlobal
