
Microsoft Visual Studio Solution File, Format Version 12.00
# Visual Studio Version 17
VisualStudioVersion = 17.11.35312.102
MinimumVisualStudioVersion = 10.0.40219.1
Project("{FAE04EC0-301F-11D3-BF4B-00C04F79EFBC}") = "Exercici_19", "Exercici_19\Exercici_19.csproj", "{C68A96CE-2A33-4FF6-9B35-15AEBDE59024}"
EndProject
Project("{FAE04EC0-301F-11D3-BF4B-00C04F79EFBC}") = "Exercici_19(Testing)", "Exercici_19(Testing)\Exercici_19(Testing).csproj", "{F1E275CE-245E-438D-9246-C0078F1C6F00}"
EndProject
Global
	GlobalSection(SolutionConfigurationPlatforms) = preSolution
		Debug|Any CPU = Debug|Any CPU
		Release|Any CPU = Release|Any CPU
	EndGlobalSection
	GlobalSection(ProjectConfigurationPlatforms) = postSolution
		{C68A96CE-2A33-4FF6-9B35-15AEBDE59024}.Debug|Any CPU.ActiveCfg = Debug|Any CPU
		{C68A96CE-2A33-4FF6-9B35-15AEBDE59024}.Debug|Any CPU.Build.0 = Debug|Any CPU
		{C68A96CE-2A33-4FF6-9B35-15AEBDE59024}.Release|Any CPU.ActiveCfg = Release|Any CPU
		{C68A96CE-2A33-4FF6-9B35-15AEBDE59024}.Release|Any CPU.Build.0 = Release|Any CPU
		{F1E275CE-245E-438D-9246-C0078F1C6F00}.Debug|Any CPU.ActiveCfg = Debug|Any CPU
		{F1E275CE-245E-438D-9246-C0078F1C6F00}.Debug|Any CPU.Build.0 = Debug|Any CPU
		{F1E275CE-245E-438D-9246-C0078F1C6F00}.Release|Any CPU.ActiveCfg = Release|Any CPU
		{F1E275CE-245E-438D-9246-C0078F1C6F00}.Release|Any CPU.Build.0 = Release|Any CPU
	EndGlobalSection
	GlobalSection(SolutionProperties) = preSolution
		HideSolutionNode = FALSE
	EndGlobalSection
	GlobalSection(ExtensibilityGlobals) = postSolution
		SolutionGuid = {56F899CD-696D-454A-BA2F-F7FCEC8CAD49}
	EndGlobalSection
EndGlobal
